
Microsoft Visual Studio Solution File, Format Version 12.00
# Visual Studio Version 17
VisualStudioVersion = 17.2.32519.379
MinimumVisualStudioVersion = 10.0.40219.1
Project("{9A19103F-16F7-4668-BE54-9A1E7A4F7556}") = "AudioDetector", "AudioDetector\AudioDetector.csproj", "{0DEA4718-3DC3-4724-839E-6FA76572B74F}"
EndProject
Global
	GlobalSection(SolutionConfigurationPlatforms) = preSolution
		Debug|Any CPU = Debug|Any CPU
		Release|Any CPU = Release|Any CPU
	EndGlobalSection
	GlobalSection(ProjectConfigurationPlatforms) = postSolution
		{0DEA4718-3DC3-4724-839E-6FA76572B74F}.Debug|Any CPU.ActiveCfg = Debug|Any CPU
		{0DEA4718-3DC3-4724-839E-6FA76572B74F}.Debug|Any CPU.Build.0 = Debug|Any CPU
		{0DEA4718-3DC3-4724-839E-6FA76572B74F}.Release|Any CPU.ActiveCfg = Release|Any CPU
		{0DEA4718-3DC3-4724-839E-6FA76572B74F}.Release|Any CPU.Build.0 = Release|Any CPU
	EndGlobalSection
	GlobalSection(SolutionProperties) = preSolution
		HideSolutionNode = FALSE
	EndGlobalSection
	GlobalSection(ExtensibilityGlobals) = postSolution
		SolutionGuid = {3028D64E-C6C2-474C-A45A-1D84E32476CD}
	EndGlobalSection
EndGlobal
